github.com/go-python/gpython v0.1.1-0.20221005072539-6f8e06a46607 h1:xhi3l9LtrO3o26hk+A8IjUWolN0ql8AmJMfIaYNQ4i0=
github.com/go-python/gpython v0.1.1-0.20221005072539-6f8e06a46607/go.mod h1:fUN4z1X+GFaOwPOoHOAM8MOPnh1NJatWo/cDqGlZDEI=
github.com/google/go-cmp v0.5.8 h1:e6P7q2lk1O+qJJb4BtCQXlK8vWEO8V1ZeuEdJNOqZyg=
github.com/google/go-cmp v0.5.8/go.mod h1:17dUlkBOakJ0+DkrSSNjCkIjxS6bF9zb3elmeNGIjoY=
github.com/mattn/go-runewidth v0.0.3/go.mod h1:LwmH8dsx7+W8Uxz3IHJYH5QSwggIsqBzpuz5H//U1FU=
github.com/mattn/go-runewidth v0.0.13 h1:lTGmDsbAYt5DmK6OnoV7EuIF1wEIFAcxld6ypU4OSgU=
github.com/mattn/go-runewidth v0.0.13/go.mod h1:Jdepj2loyihRzMpdS35Xk/zdY8IAYHsh153qUoGf23w=
github.com/peterh/liner v1.2.2 h1:aJ4AOodmL+JxOZZEL2u9iJf8omNRpqHc/EbrK+3mAXw=
github.com/peterh/liner v1.2.2/go.mod h1:xFwJyiKIXJZUKItq5dGHZSTBRAuG/CpeNpWLyiNRNwI=
github.com/rivo/uniseg v0.2.0/go.mod h1:J6wj4VEh+S6ZtnVlnTBMWIodfgj8LQOQFoIToxlJtxc=
github.com/rivo/uniseg v0.3.4 h1:3Z3Eu6FGHZWSfNKJTOUiPatWwfc7DzJRU04jFUqJODw=
github.com/rivo/uniseg v0.3.4/go.mod h1:FN3SvrM+Zdj16jyLfmOkMNblXMcoc8DfTHruCPUcx88=
golang.org/x/sys v0.0.0-20211117180635-dee7805ff2e1/go.mod h1:oPkhp1MJrh7nUepCBck5+mAzfO9JrbApNNgaTdGDITg=
golang.org/x/sys v0.0.0-20220817070843-5a390386f1f2 h1:fqTvyMIIj+HRzMmnzr9NtpHP6uVpvB5fkHcgPDC4nu8=
golang.org/x/sys v0.0.0-20220817070843-5a390386f1f2/go.mod h1:oPkhp1MJrh7nUepCBck5+mAzfO9JrbApNNgaTdGDITg=
